
Microsoft Visual Studio Solution File, Format Version 12.00
# Visual Studio Version 16
VisualStudioVersion = 16.0.31410.357
MinimumVisualStudioVersion = 10.0.40219.1
Project("{2150E333-8FDC-42A3-9474-1A3956D46DE8}") = "src", "src", "{8AA143FD-D405-4A3F-96DD-53F670DAF36A}"
EndProject
Project("{2150E333-8FDC-42A3-9474-1A3956D46DE8}") = "services", "services", "{16DC0181-9122-428F-99D0-1A5F630FBB22}"
EndProject
Project("{2150E333-8FDC-42A3-9474-1A3956D46DE8}") = "web", "web", "{2A703EED-A3E5-46B0-8D9E-69D833E6DB86}"
EndProject
Project("{9A19103F-16F7-4668-BE54-9A1E7A4F7556}") = "ProductCatalogAPI", "ProductCatalogAPI\ProductCatalogAPI.csproj", "{A2CDAA7D-AF03-4AA5-82C2-696015905C87}"
EndProject
Project("{E53339B2-1760-4266-BCC7-CA923CBCF16C}") = "docker-compose", "docker-compose.dcproj", "{09D6E851-BAEF-4449-9EEA-3D76DCC6FF58}"
EndProject
Global
	GlobalSection(SolutionConfigurationPlatforms) = preSolution
		Debug|Any CPU = Debug|Any CPU
		Release|Any CPU = Release|Any CPU
	EndGlobalSection
	GlobalSection(ProjectConfigurationPlatforms) = postSolution
		{A2CDAA7D-AF03-4AA5-82C2-696015905C87}.Debug|Any CPU.ActiveCfg = Debug|Any CPU
		{A2CDAA7D-AF03-4AA5-82C2-696015905C87}.Debug|Any CPU.Build.0 = Debug|Any CPU
		{A2CDAA7D-AF03-4AA5-82C2-696015905C87}.Release|Any CPU.ActiveCfg = Release|Any CPU
		{A2CDAA7D-AF03-4AA5-82C2-696015905C87}.Release|Any CPU.Build.0 = Release|Any CPU
		{09D6E851-BAEF-4449-9EEA-3D76DCC6FF58}.Debug|Any CPU.ActiveCfg = Debug|Any CPU
		{09D6E851-BAEF-4449-9EEA-3D76DCC6FF58}.Debug|Any CPU.Build.0 = Debug|Any CPU
		{09D6E851-BAEF-4449-9EEA-3D76DCC6FF58}.Release|Any CPU.ActiveCfg = Release|Any CPU
		{09D6E851-BAEF-4449-9EEA-3D76DCC6FF58}.Release|Any CPU.Build.0 = Release|Any CPU
	EndGlobalSection
	GlobalSection(SolutionProperties) = preSolution
		HideSolutionNode = FALSE
	EndGlobalSection
	GlobalSection(NestedProjects) = preSolution
		{16DC0181-9122-428F-99D0-1A5F630FBB22} = {8AA143FD-D405-4A3F-96DD-53F670DAF36A}
		{2A703EED-A3E5-46B0-8D9E-69D833E6DB86} = {8AA143FD-D405-4A3F-96DD-53F670DAF36A}
		{A2CDAA7D-AF03-4AA5-82C2-696015905C87} = {16DC0181-9122-428F-99D0-1A5F630FBB22}
	EndGlobalSection
	GlobalSection(ExtensibilityGlobals) = postSolution
		SolutionGuid = {70230961-EFE1-4ADA-B4C6-CF1843D7356A}
	EndGlobalSection
EndGlobal
